// !$*UTF8*$!
{
	archiveVersion = 1;
	classes = {
	};
	objectVersion = 46;
	objects = {

/* Begin PBXBuildFile section */
		525380FB1D0F706C000A26AA /* main.m in Sources */ = {isa = PBXBuildFile; fileRef = 525380FA1D0F706C000A26AA /* main.m */; };
		525380FE1D0F706C000A26AA /* AppDelegate.m in Sources */ = {isa = PBXBuildFile; fileRef = 525380FD1D0F706C000A26AA /* AppDelegate.m */; };
		525381011D0F706C000A26AA /* ViewController.m in Sources */ = {isa = PBXBuildFile; fileRef = 525381001D0F706C000A26AA /* ViewController.m */; };
		525381041D0F706C000A26AA /* Main.storyboard in Resources */ = {isa = PBXBuildFile; fileRef = 525381021D0F706C000A26AA /* Main.storyboard */; };
		525381061D0F706C000A26AA /* Assets.xcassets in Resources */ = {isa = PBXBuildFile; fileRef = 525381051D0F706C000A26AA /* Assets.xcassets */; };
		525381091D0F706C000A26AA /* LaunchScreen.storyboard in Resources */ = {isa = PBXBuildFile; fileRef = 525381071D0F706C000A26AA /* LaunchScreen.storyboard */; };
		525381141D0F706C000A26AA /* BounderTests.m in Sources */ = {isa = PBXBuildFile; fileRef = 525381131D0F706C000A26AA /* BounderTests.m */; };
		5253811F1D0F706C000A26AA /* BounderUITests.m in Sources */ = {isa = PBXBuildFile; fileRef = 5253811E1D0F706C000A26AA /* BounderUITests.m */; };
		5253812D1D0F8A8C000A26AA /* MapKit.framework in Frameworks */ = {isa = PBXBuildFile; fileRef = 5253812C1D0F8A8C000A26AA /* MapKit.framework */; };
/* End PBXBuildFile section */

/* Begin PBXContainerItemProxy section */
		525381101D0F706C000A26AA /* PBXContainerItemProxy */ = {
			isa = PBXContainerItemProxy;
			containerPortal = 525380EE1D0F706B000A26AA /* Project object */;
			proxyType = 1;
			remoteGlobalIDString = 525380F51D0F706B000A26AA;
			remoteInfo = Bounder;
		};
		5253811B1D0F706C000A26AA /* PBXContainerItemProxy */ = {
			isa = PBXContainerItemProxy;
			containerPortal = 525380EE1D0F706B000A26AA /* Project object */;
			proxyType = 1;
			remoteGlobalIDString = 525380F51D0F706B000A26AA;
			remoteInfo = Bounder;
		};
/* End PBXContainerItemProxy section */

/* Begin PBXFileReference section */
		525380F61D0F706B000A26AA /* Bounder.app */ = {isa = PBXFileReference; explicitFileType = wrapper.application; includeInIndex = 0; path = Bounder.app; sourceTree = BUILT_PRODUCTS_DIR; };
		525380FA1D0F706C000A26AA /* main.m */ = {isa = PBXFileReference; lastKnownFileType = sourcecode.c.objc; path = main.m; sourceTree = "<group>"; };
		525380FC1D0F706C000A26AA /* AppDelegate.h */ = {isa = PBXFileReference; lastKnownFileType = sourcecode.c.h; path = AppDelegate.h; sourceTree = "<group>"; };
		525380FD1D0F706C000A26AA /* AppDelegate.m */ = {isa = PBXFileReference; lastKnownFileType = sourcecode.c.objc; path = AppDelegate.m; sourceTree = "<group>"; };
		525380FF1D0F706C000A26AA /* ViewController.h */ = {isa = PBXFileReference; lastKnownFileType = sourcecode.c.h; path = ViewController.h; sourceTree = "<group>"; };
		525381001D0F706C000A26AA /* ViewController.m */ = {isa = PBXFileReference; lastKnownFileType = sourcecode.c.objc; path = ViewController.m; sourceTree = "<group>"; };
		525381031D0F706C000A26AA /* Base */ = {isa = PBXFileReference; lastKnownFileType = file.storyboard; name = Base; path = Base.lproj/Main.storyboard; sourceTree = "<group>"; };
		525381051D0F706C000A26AA /* Assets.xcassets */ = {isa = PBXFileReference; lastKnownFileType = folder.assetcatalog; path = Assets.xcassets; sourceTree = "<group>"; };
		525381081D0F706C000A26AA /* Base */ = {isa = PBXFileReference; lastKnownFileType = file.storyboard; name = Base; path = Base.lproj/LaunchScreen.storyboard; sourceTree = "<group>"; };
		5253810A1D0F706C000A26AA /* Info.plist */ = {isa = PBXFileReference; lastKnownFileType = text.plist.xml; path = Info.plist; sourceTree = "<group>"; };
		5253810F1D0F706C000A26AA /* BounderTests.xctest */ = {isa = PBXFileReference; explicitFileType = wrapper.cfbundle; includeInIndex = 0; path = BounderTests.xctest; sourceTree = BUILT_PRODUCTS_DIR; };
		525381131D0F706C000A26AA /* BounderTests.m */ = {isa = PBXFileReference; lastKnownFileType = sourcecode.c.objc; path = BounderTests.m; sourceTree = "<group>"; };
		525381151D0F706C000A26AA /* Info.plist */ = {isa = PBXFileReference; lastKnownFileType = text.plist.xml; path = Info.plist; sourceTree = "<group>"; };
		5253811A1D0F706C000A26AA /* BounderUITests.xctest */ = {isa = PBXFileReference; explicitFileType = wrapper.cfbundle; includeInIndex = 0; path = BounderUITests.xctest; sourceTree = BUILT_PRODUCTS_DIR; };
		5253811E1D0F706C000A26AA /* BounderUITests.m */ = {isa = PBXFileReference; lastKnownFileType = sourcecode.c.objc; path = BounderUITests.m; sourceTree = "<group>"; };
		525381201D0F706C000A26AA /* Info.plist */ = {isa = PBXFileReference; lastKnownFileType = text.plist.xml; path = Info.plist; sourceTree = "<group>"; };
		5253812C1D0F8A8C000A26AA /* MapKit.framework */ = {isa = PBXFileReference; lastKnownFileType = wrapper.framework; name = MapKit.framework; path = System/Library/Frameworks/MapKit.framework; sourceTree = SDKROOT; };
/* End PBXFileReference section */

/* Begin PBXFrameworksBuildPhase section */
		525380F31D0F706B000A26AA /* Frameworks */ = {
			isa = PBXFrameworksBuildPhase;
			buildActionMask = 2147483647;
			files = (
				5253812D1D0F8A8C000A26AA /* MapKit.framework in Frameworks */,
			);
			runOnlyForDeploymentPostprocessing = 0;
		};
		5253810C1D0F706C000A26AA /* Frameworks */ = {
			isa = PBXFrameworksBuildPhase;
			buildActionMask = 2147483647;
			files = (
			);
			runOnlyForDeploymentPostprocessing = 0;
		};
		525381171D0F706C000A26AA /* Frameworks */ = {
			isa = PBXFrameworksBuildPhase;
			buildActionMask = 2147483647;
			files = (
			);
			runOnlyForDeploymentPostprocessing = 0;
		};
/* End PBXFrameworksBuildPhase section */

/* Begin PBXGroup section */
		525380ED1D0F706B000A26AA = {
			isa = PBXGroup;
			children = (
				5253812C1D0F8A8C000A26AA /* MapKit.framework */,
				525380F81D0F706C000A26AA /* Bounder */,
				525381121D0F706C000A26AA /* BounderTests */,
				5253811D1D0F706C000A26AA /* BounderUITests */,
				525380F71D0F706B000A26AA /* Products */,
			);
			sourceTree = "<group>";
		};
		525380F71D0F706B000A26AA /* Products */ = {
			isa = PBXGroup;
			children = (
				525380F61D0F706B000A26AA /* Bounder.app */,
				5253810F1D0F706C000A26AA /* BounderTests.xctest */,
				5253811A1D0F706C000A26AA /* BounderUITests.xctest */,
			);
			name = Products;
			sourceTree = "<group>";
		};
		525380F81D0F706C000A26AA /* Bounder */ = {
			isa = PBXGroup;
			children = (
				525380FC1D0F706C000A26AA /* AppDelegate.h */,
				525380FD1D0F706C000A26AA /* AppDelegate.m */,
				525380FF1D0F706C000A26AA /* ViewController.h */,
				525381001D0F706C000A26AA /* ViewController.m */,
				525381021D0F706C000A26AA /* Main.storyboard */,
				525381051D0F706C000A26AA /* Assets.xcassets */,
				525381071D0F706C000A26AA /* LaunchScreen.storyboard */,
				5253810A1D0F706C000A26AA /* Info.plist */,
				525380F91D0F706C000A26AA /* Supporting Files */,
			);
			path = Bounder;
			sourceTree = "<group>";
		};
		525380F91D0F706C000A26AA /* Supporting Files */ = {
			isa = PBXGroup;
			children = (
				525380FA1D0F706C000A26AA /* main.m */,
			);
			name = "Supporting Files";
			sourceTree = "<group>";
		};
		525381121D0F706C000A26AA /* BounderTests */ = {
			isa = PBXGroup;
			children = (
				525381131D0F706C000A26AA /* BounderTests.m */,
				525381151D0F706C000A26AA /* Info.plist */,
			);
			path = BounderTests;
			sourceTree = "<group>";
		};
		5253811D1D0F706C000A26AA /* BounderUITests */ = {
			isa = PBXGroup;
			children = (
				5253811E1D0F706C000A26AA /* BounderUITests.m */,
				525381201D0F706C000A26AA /* Info.plist */,
			);
			path = BounderUITests;
			sourceTree = "<group>";
		};
/* End PBXGroup section */

/* Begin PBXNativeTarget section */
		525380F51D0F706B000A26AA /* Bounder */ = {
			isa = PBXNativeTarget;
			buildConfigurationList = 525381231D0F706C000A26AA /* Build configuration list for PBXNativeTarget "Bounder" */;
			buildPhases = (
				525380F21D0F706B000A26AA /* Sources */,
				525380F31D0F706B000A26AA /* Frameworks */,
				525380F41D0F706B000A26AA /* Resources */,
			);
			buildRules = (
			);
			dependencies = (
			);
			name = Bounder;
			productName = Bounder;
			productReference = 525380F61D0F706B000A26AA /* Bounder.app */;
			productType = "com.apple.product-type.application";
		};
		5253810E1D0F706C000A26AA /* BounderTests */ = {
			isa = PBXNativeTarget;
			buildConfigurationList = 525381261D0F706C000A26AA /* Build configuration list for PBXNativeTarget "BounderTests" */;
			buildPhases = (
				5253810B1D0F706C000A26AA /* Sources */,
				5253810C1D0F706C000A26AA /* Frameworks */,
				5253810D1D0F706C000A26AA /* Resources */,
			);
			buildRules = (
			);
			dependencies = (
				525381111D0F706C000A26AA /* PBXTargetDependency */,
			);
			name = BounderTests;
			productName = BounderTests;
			productReference = 5253810F1D0F706C000A26AA /* BounderTests.xctest */;
			productType = "com.apple.product-type.bundle.unit-test";
		};
		525381191D0F706C000A26AA /* BounderUITests */ = {
			isa = PBXNativeTarget;
			buildConfigurationList = 525381291D0F706C000A26AA /* Build configuration list for PBXNativeTarget "BounderUITests" */;
			buildPhases = (
				525381161D0F706C000A26AA /* Sources */,
				525381171D0F706C000A26AA /* Frameworks */,
				525381181D0F706C000A26AA /* Resources */,
			);
			buildRules = (
			);
			dependencies = (
				5253811C1D0F706C000A26AA /* PBXTargetDependency */,
			);
			name = BounderUITests;
			productName = BounderUITests;
			productReference = 5253811A1D0F706C000A26AA /* BounderUITests.xctest */;
			productType = "com.apple.product-type.bundle.ui-testing";
		};
/* End PBXNativeTarget section */

/* Begin PBXProject section */
		525380EE1D0F706B000A26AA /* Project object */ = {
			isa = PBXProject;
			attributes = {
				LastUpgradeCheck = 0730;
				ORGANIZATIONNAME = "Eric Lilienstein";
				TargetAttributes = {
					525380F51D0F706B000A26AA = {
						CreatedOnToolsVersion = 7.3.1;
						DevelopmentTeam = LQQR4LS4KU;
						SystemCapabilities = {
							com.apple.Maps.iOS = {
								enabled = 1;
							};
						};
					};
					5253810E1D0F706C000A26AA = {
						CreatedOnToolsVersion = 7.3.1;
						TestTargetID = 525380F51D0F706B000A26AA;
					};
					525381191D0F706C000A26AA = {
						CreatedOnToolsVersion = 7.3.1;
						TestTargetID = 525380F51D0F706B000A26AA;
					};
				};
			};
			buildConfigurationList = 525380F11D0F706B000A26AA /* Build configuration list for PBXProject "Bounder" */;
			compatibilityVersion = "Xcode 3.2";
			developmentRegion = English;
			hasScannedForEncodings = 0;
			knownRegions = (
				en,
				Base,
			);
			mainGroup = 525380ED1D0F706B000A26AA;
			productRefGroup = 525380F71D0F706B000A26AA /* Products */;
			projectDirPath = "";
			projectRoot = "";
			targets = (
				525380F51D0F706B000A26AA /* Bounder */,
				5253810E1D0F706C000A26AA /* BounderTests */,
				525381191D0F706C000A26AA /* BounderUITests */,
			);
		};
/* End PBXProject section */

/* Begin PBXResourcesBuildPhase section */
		525380F41D0F706B000A26AA /* Resources */ = {
			isa = PBXResourcesBuildPhase;
			buildActionMask = 2147483647;
			files = (
				525381091D0F706C000A26AA /* LaunchScreen.storyboard in Resources */,
				525381061D0F706C000A26AA /* Assets.xcassets in Resources */,
				525381041D0F706C000A26AA /* Main.storyboard in Resources */,
			);
			runOnlyForDeploymentPostprocessing = 0;
		};
		5253810D1D0F706C000A26AA /* Resources */ = {
			isa = PBXResourcesBuildPhase;
			buildActionMask = 2147483647;
			files = (
			);
			runOnlyForDeploymentPostprocessing = 0;
		};
		525381181D0F706C000A26AA /* Resources */ = {
			isa = PBXResourcesBuildPhase;
			buildActionMask = 2147483647;
			files = (
			);
			runOnlyForDeploymentPostprocessing = 0;
		};
/* End PBXResourcesBuildPhase section */

/* Begin PBXSourcesBuildPhase section */
		525380F21D0F706B000A26AA /* Sources */ = {
			isa = PBXSourcesBuildPhase;
			buildActionMask = 2147483647;
			files = (
				525381011D0F706C000A26AA /* ViewController.m in Sources */,
				525380FE1D0F706C000A26AA /* AppDelegate.m in Sources */,
				525380FB1D0F706C000A26AA /* main.m in Sources */,
			);
			runOnlyForDeploymentPostprocessing = 0;
		};
		5253810B1D0F706C000A26AA /* Sources */ = {
			isa = PBXSourcesBuildPhase;
			buildActionMask = 2147483647;
			files = (
				525381141D0F706C000A26AA /* BounderTests.m in Sources */,
			);
			runOnlyForDeploymentPostprocessing = 0;
		};
		525381161D0F706C000A26AA /* Sources */ = {
			isa = PBXSourcesBuildPhase;
			buildActionMask = 2147483647;
			files = (
				5253811F1D0F706C000A26AA /* BounderUITests.m in Sources */,
			);
			runOnlyForDeploymentPostprocessing = 0;
		};
/* End PBXSourcesBuildPhase section */

/* Begin PBXTargetDependency section */
		525381111D0F706C000A26AA /* PBXTargetDependency */ = {
			isa = PBXTargetDependency;
			target = 525380F51D0F706B000A26AA /* Bounder */;
			targetProxy = 525381101D0F706C000A26AA /* PBXContainerItemProxy */;
		};
		5253811C1D0F706C000A26AA /* PBXTargetDependency */ = {
			isa = PBXTargetDependency;
			target = 525380F51D0F706B000A26AA /* Bounder */;
			targetProxy = 5253811B1D0F706C000A26AA /* PBXContainerItemProxy */;
		};
/* End PBXTargetDependency section */

/* Begin PBXVariantGroup section */
		525381021D0F706C000A26AA /* Main.storyboard */ = {
			isa = PBXVariantGroup;
			children = (
				525381031D0F706C000A26AA /* Base */,
			);
			name = Main.storyboard;
			sourceTree = "<group>";
		};
		525381071D0F706C000A26AA /* LaunchScreen.storyboard */ = {
			isa = PBXVariantGroup;
			children = (
				525381081D0F706C000A26AA /* Base */,
			);
			name = LaunchScreen.storyboard;
			sourceTree = "<group>";
		};
/* End PBXVariantGroup section */

/* Begin XCBuildConfiguration section */
		525381211D0F706C000A26AA /* Debug */ = {
			isa = XCBuildConfiguration;
			buildSettings = {
				ALWAYS_SEARCH_USER_PATHS = NO;
				CLANG_ANALYZER_NONNULL = YES;
				CLANG_CXX_LANGUAGE_STANDARD = "gnu++0x";
				CLANG_CXX_LIBRARY = "libc++";
				CLANG_ENABLE_MODULES = YES;
				CLANG_ENABLE_OBJC_ARC = YES;
				CLANG_WARN_BOOL_CONVERSION = YES;
				CLANG_WARN_CONSTANT_CONVERSION = YES;
				CLANG_WARN_DIRECT_OBJC_ISA_USAGE = YES_ERROR;
				CLANG_WARN_EMPTY_BODY = YES;
				CLANG_WARN_ENUM_CONVERSION = YES;
				CLANG_WARN_INT_CONVERSION = YES;
				CLANG_WARN_OBJC_ROOT_CLASS = YES_ERROR;
				CLANG_WARN_UNREACHABLE_CODE = YES;
				CLANG_WARN__DUPLICATE_METHOD_MATCH = YES;
				"CODE_SIGN_IDENTITY[sdk=iphoneos*]" = "iPhone Developer";
				COPY_PHASE_STRIP = NO;
				DEBUG_INFORMATION_FORMAT = dwarf;
				ENABLE_STRICT_OBJC_MSGSEND = YES;
				ENABLE_TESTABILITY = YES;
				GCC_C_LANGUAGE_STANDARD = gnu99;
				GCC_DYNAMIC_NO_PIC = NO;
				GCC_NO_COMMON_BLOCKS = YES;
				GCC_OPTIMIZATION_LEVEL = 0;
				GCC_PREPROCESSOR_DEFINITIONS = (
					"DEBUG=1",
					"$(inherited)",
				);
				GCC_WARN_64_TO_32_BIT_CONVERSION = YES;
				GCC_WARN_ABOUT_RETURN_TYPE = YES_ERROR;
				GCC_WARN_UNDECLARED_SELECTOR = YES;
				GCC_WARN_UNINITIALIZED_AUTOS = YES_AGGRESSIVE;
				GCC_WARN_UNUSED_FUNCTION = YES;
				GCC_WARN_UNUSED_VARIABLE = YES;
				IPHONEOS_DEPLOYMENT_TARGET = 9.3;
				MTL_ENABLE_DEBUG_INFO = YES;
				ONLY_ACTIVE_ARCH = YES;
				SDKROOT = iphoneos;
				TARGETED_DEVICE_FAMILY = "1,2";
			};
			name = Debug;
		};
		525381221D0F706C000A26AA /* Release */ = {
			isa = XCBuildConfiguration;
			buildSettings = {
				ALWAYS_SEARCH_USER_PATHS = NO;
				CLANG_ANALYZER_NONNULL = YES;
				CLANG_CXX_LANGUAGE_STANDARD = "gnu++0x";
				CLANG_CXX_LIBRARY = "libc++";
				CLANG_ENABLE_MODULES = YES;
				CLANG_ENABLE_OBJC_ARC = YES;
				CLANG_WARN_BOOL_CONVERSION = YES;
				CLANG_WARN_CONSTANT_CONVERSION = YES;
				CLANG_WARN_DIRECT_OBJC_ISA_USAGE = YES_ERROR;
				CLANG_WARN_EMPTY_BODY = YES;
				CLANG_WARN_ENUM_CONVERSION = YES;
				CLANG_WARN_INT_CONVERSION = YES;
				CLANG_WARN_OBJC_ROOT_CLASS = YES_ERROR;
				CLANG_WARN_UNREACHABLE_CODE = YES;
				CLANG_WARN__DUPLICATE_METHOD_MATCH = YES;
				"CODE_SIGN_IDENTITY[sdk=iphoneos*]" = "iPhone Developer";
				COPY_PHASE_STRIP = NO;
				DEBUG_INFORMATION_FORMAT = "dwarf-with-dsym";
				ENABLE_NS_ASSERTIONS = NO;
				ENABLE_STRICT_OBJC_MSGSEND = YES;
				GCC_C_LANGUAGE_STANDARD = gnu99;
				GCC_NO_COMMON_BLOCKS = YES;
				GCC_WARN_64_TO_32_BIT_CONVERSION = YES;
				GCC_WARN_ABOUT_RETURN_TYPE = YES_ERROR;
				GCC_WARN_UNDECLARED_SELECTOR = YES;
				GCC_WARN_UNINITIALIZED_AUTOS = YES_AGGRESSIVE;
				GCC_WARN_UNUSED_FUNCTION = YES;
				GCC_WARN_UNUSED_VARIABLE = YES;
				IPHONEOS_DEPLOYMENT_TARGET = 9.3;
				MTL_ENABLE_DEBUG_INFO = NO;
				SDKROOT = iphoneos;
				TARGETED_DEVICE_FAMILY = "1,2";
				VALIDATE_PRODUCT = YES;
			};
			name = Release;
		};
		525381241D0F706C000A26AA /* Debug */ = {
			isa = XCBuildConfiguration;
			buildSettings = {
				ASSETCATALOG_COMPILER_APPICON_NAME = AppIcon;
				CODE_SIGN_IDENTITY = "iPhone Developer";
				"CODE_SIGN_IDENTITY[sdk=iphoneos*]" = "iPhone Developer";
				INFOPLIST_FILE = Bounder/Info.plist;
				LD_RUNPATH_SEARCH_PATHS = "$(inherited) @executable_path/Frameworks";
				PRODUCT_BUNDLE_IDENTIFIER = com.ericlilienstein.Bounder;
				PRODUCT_NAME = "$(TARGET_NAME)";
				PROVISIONING_PROFILE = "";
			};
			name = Debug;
		};
		525381251D0F706C000A26AA /* Release */ = {
			isa = XCBuildConfiguration;
			buildSettings = {
				ASSETCATALOG_COMPILER_APPICON_NAME = AppIcon;
				CODE_SIGN_IDENTITY = "iPhone Developer";
				"CODE_SIGN_IDENTITY[sdk=iphoneos*]" = "iPhone Developer";
				INFOPLIST_FILE = Bounder/Info.plist;
				LD_RUNPATH_SEARCH_PATHS = "$(inherited) @executable_path/Frameworks";
				PRODUCT_BUNDLE_IDENTIFIER = com.ericlilienstein.Bounder;
				PRODUCT_NAME = "$(TARGET_NAME)";
				PROVISIONING_PROFILE = "";
			};
			name = Release;
		};
		525381271D0F706C000A26AA /* Debug */ = {
			isa = XCBuildConfiguration;
			buildSettings = {
				BUNDLE_LOADER = "$(TEST_HOST)";
				INFOPLIST_FILE = BounderTests/Info.plist;
				LD_RUNPATH_SEARCH_PATHS = "$(inherited) @executable_path/Frameworks @loader_path/Frameworks";
				PRODUCT_BUNDLE_IDENTIFIER = com.ericlilienstein.BounderTests;
				PRODUCT_NAME = "$(TARGET_NAME)";
				TEST_HOST = "$(BUILT_PRODUCTS_DIR)/Bounder.app/Bounder";
			};
			name = Debug;
		};
		525381281D0F706C000A26AA /* Release */ = {
			isa = XCBuildConfiguration;
			buildSettings = {
				BUNDLE_LOADER = "$(TEST_HOST)";
				INFOPLIST_FILE = BounderTests/Info.plist;
				LD_RUNPATH_SEARCH_PATHS = "$(inherited) @executable_path/Frameworks @loader_path/Frameworks";
				PRODUCT_BUNDLE_IDENTIFIER = com.ericlilienstein.BounderTests;
				PRODUCT_NAME = "$(TARGET_NAME)";
				TEST_HOST = "$(BUILT_PRODUCTS_DIR)/Bounder.app/Bounder";
			};
			name = Release;
		};
		5253812A1D0F706C000A26AA /* Debug */ = {
			isa = XCBuildConfiguration;
			buildSettings = {
				INFOPLIST_FILE = BounderUITests/Info.plist;
				LD_RUNPATH_SEARCH_PATHS = "$(inherited) @executable_path/Frameworks @loader_path/Frameworks";
				PRODUCT_BUNDLE_IDENTIFIER = com.ericlilienstein.BounderUITests;
				PRODUCT_NAME = "$(TARGET_NAME)";
				TEST_TARGET_NAME = Bounder;
			};
			name = Debug;
		};
		5253812B1D0F706C000A26AA /* Release */ = {
			isa = XCBuildConfiguration;
			buildSettings = {
				INFOPLIST_FILE = BounderUITests/Info.plist;
				LD_RUNPATH_SEARCH_PATHS = "$(inherited) @executable_path/Frameworks @loader_path/Frameworks";
				PRODUCT_BUNDLE_IDENTIFIER = com.ericlilienstein.BounderUITests;
				PRODUCT_NAME = "$(TARGET_NAME)";
				TEST_TARGET_NAME = Bounder;
			};
			name = Release;
		};
/* End XCBuildConfiguration section */

/* Begin XCConfigurationList section */
		525380F11D0F706B000A26AA /* Build configuration list for PBXProject "Bounder" */ = {
			isa = XCConfigurationList;
			buildConfigurations = (
				525381211D0F706C000A26AA /* Debug */,
				525381221D0F706C000A26AA /* Release */,
			);
			defaultConfigurationIsVisible = 0;
			defaultConfigurationName = Release;
		};
		525381231D0F706C000A26AA /* Build configuration list for PBXNativeTarget "Bounder" */ = {
			isa = XCConfigurationList;
			buildConfigurations = (
				525381241D0F706C000A26AA /* Debug */,
				525381251D0F706C000A26AA /* Release */,
			);
			defaultConfigurationIsVisible = 0;
		};
		525381261D0F706C000A26AA /* Build configuration list for PBXNativeTarget "BounderTests" */ = {
			isa = XCConfigurationList;
			buildConfigurations = (
				525381271D0F706C000A26AA /* Debug */,
				525381281D0F706C000A26AA /* Release */,
			);
			defaultConfigurationIsVisible = 0;
		};
		525381291D0F706C000A26AA /* Build configuration list for PBXNativeTarget "BounderUITests" */ = {
			isa = XCConfigurationList;
			buildConfigurations = (
				5253812A1D0F706C000A26AA /* Debug */,
				5253812B1D0F706C000A26AA /* Release */,
			);
			defaultConfigurationIsVisible = 0;
		};
/* End XCConfigurationList section */
	};
	rootObject = 525380EE1D0F706B000A26AA /* Project object */;
}
